// !$*UTF8*$!
{
	archiveVersion = 1;
	classes = {
	};
	objectVersion = 56;
	objects = {

/* Begin PBXBuildFile section */
		F66FAA0629432AAB00B7A8EA /* AdventOfCodeApp.swift in Sources */ = {isa = PBXBuildFile; fileRef = F66FAA0529432AAB00B7A8EA /* AdventOfCodeApp.swift */; };
		F66FAA0829432AAB00B7A8EA /* ContentView.swift in Sources */ = {isa = PBXBuildFile; fileRef = F66FAA0729432AAB00B7A8EA /* ContentView.swift */; };
		F66FAA0A29432AAC00B7A8EA /* Assets.xcassets in Resources */ = {isa = PBXBuildFile; fileRef = F66FAA0929432AAC00B7A8EA /* Assets.xcassets */; };
		F66FAA0E29432AAC00B7A8EA /* Preview Assets.xcassets in Resources */ = {isa = PBXBuildFile; fileRef = F66FAA0D29432AAC00B7A8EA /* Preview Assets.xcassets */; };
		F66FAA1629432B3900B7A8EA /* Day1.swift in Sources */ = {isa = PBXBuildFile; fileRef = F66FAA1529432B3900B7A8EA /* Day1.swift */; };
		F66FAA1929432BA300B7A8EA /* Parsing in Frameworks */ = {isa = PBXBuildFile; productRef = F66FAA1829432BA300B7A8EA /* Parsing */; };
		F66FAA1B29432BEA00B7A8EA /* day1.txt in Resources */ = {isa = PBXBuildFile; fileRef = F66FAA1A29432BEA00B7A8EA /* day1.txt */; };
		F66FAA1D29432EBF00B7A8EA /* Binding.swift in Sources */ = {isa = PBXBuildFile; fileRef = F66FAA1C29432EBF00B7A8EA /* Binding.swift */; };
		F66FAA1F29432FBA00B7A8EA /* DayView.swift in Sources */ = {isa = PBXBuildFile; fileRef = F66FAA1E29432FBA00B7A8EA /* DayView.swift */; };
		F66FAA212943447800B7A8EA /* Day.swift in Sources */ = {isa = PBXBuildFile; fileRef = F66FAA202943447800B7A8EA /* Day.swift */; };
		F66FAA242943484000B7A8EA /* Day2.swift in Sources */ = {isa = PBXBuildFile; fileRef = F66FAA232943484000B7A8EA /* Day2.swift */; };
		F66FAA2729435F0100B7A8EA /* day2.txt in Resources */ = {isa = PBXBuildFile; fileRef = F66FAA2529435EC000B7A8EA /* day2.txt */; };
		F66FAA2A29437B5D00B7A8EA /* Day3.swift in Sources */ = {isa = PBXBuildFile; fileRef = F66FAA2929437B5D00B7A8EA /* Day3.swift */; };
		F66FAA2C29437C3F00B7A8EA /* day3.txt in Resources */ = {isa = PBXBuildFile; fileRef = F66FAA2B29437C3F00B7A8EA /* day3.txt */; };
		F66FAA2F29438EFD00B7A8EA /* day4.txt in Resources */ = {isa = PBXBuildFile; fileRef = F66FAA2E29438EFD00B7A8EA /* day4.txt */; };
		F66FAA3129438F1A00B7A8EA /* Day4.swift in Sources */ = {isa = PBXBuildFile; fileRef = F66FAA3029438F1A00B7A8EA /* Day4.swift */; };
		F66FAA34294397A100B7A8EA /* day5.txt in Resources */ = {isa = PBXBuildFile; fileRef = F66FAA33294397A100B7A8EA /* day5.txt */; };
		F66FAA36294397A700B7A8EA /* Day5.swift in Sources */ = {isa = PBXBuildFile; fileRef = F66FAA35294397A700B7A8EA /* Day5.swift */; };
		F66FAA3929462D2E00B7A8EA /* Day6.swift in Sources */ = {isa = PBXBuildFile; fileRef = F66FAA3829462D2E00B7A8EA /* Day6.swift */; };
		F66FAA3B29462D3600B7A8EA /* day6.txt in Resources */ = {isa = PBXBuildFile; fileRef = F66FAA3A29462D3600B7A8EA /* day6.txt */; };
		F66FAA41294643AD00B7A8EA /* Day7.swift in Sources */ = {isa = PBXBuildFile; fileRef = F66FAA40294643AD00B7A8EA /* Day7.swift */; };
		F66FAA432946452100B7A8EA /* day7.txt in Resources */ = {isa = PBXBuildFile; fileRef = F66FAA422946452100B7A8EA /* day7.txt */; };
		F66FAA462946580700B7A8EA /* Day8.swift in Sources */ = {isa = PBXBuildFile; fileRef = F66FAA452946580700B7A8EA /* Day8.swift */; };
		F66FAA482946581200B7A8EA /* day8.txt in Resources */ = {isa = PBXBuildFile; fileRef = F66FAA472946581200B7A8EA /* day8.txt */; };
/* End PBXBuildFile section */

/* Begin PBXFileReference section */
		F66FAA0229432AAB00B7A8EA /* AdventOfCode.app */ = {isa = PBXFileReference; explicitFileType = wrapper.application; includeInIndex = 0; path = AdventOfCode.app; sourceTree = BUILT_PRODUCTS_DIR; };
		F66FAA0529432AAB00B7A8EA /* AdventOfCodeApp.swift */ = {isa = PBXFileReference; lastKnownFileType = sourcecode.swift; path = AdventOfCodeApp.swift; sourceTree = "<group>"; };
		F66FAA0729432AAB00B7A8EA /* ContentView.swift */ = {isa = PBXFileReference; lastKnownFileType = sourcecode.swift; path = ContentView.swift; sourceTree = "<group>"; };
		F66FAA0929432AAC00B7A8EA /* Assets.xcassets */ = {isa = PBXFileReference; lastKnownFileType = folder.assetcatalog; path = Assets.xcassets; sourceTree = "<group>"; };
		F66FAA0B29432AAC00B7A8EA /* AdventOfCode.entitlements */ = {isa = PBXFileReference; lastKnownFileType = text.plist.entitlements; path = AdventOfCode.entitlements; sourceTree = "<group>"; };
		F66FAA0D29432AAC00B7A8EA /* Preview Assets.xcassets */ = {isa = PBXFileReference; lastKnownFileType = folder.assetcatalog; path = "Preview Assets.xcassets"; sourceTree = "<group>"; };
		F66FAA1529432B3900B7A8EA /* Day1.swift */ = {isa = PBXFileReference; lastKnownFileType = sourcecode.swift; path = Day1.swift; sourceTree = "<group>"; };
		F66FAA1A29432BEA00B7A8EA /* day1.txt */ = {isa = PBXFileReference; lastKnownFileType = text; path = day1.txt; sourceTree = "<group>"; };
		F66FAA1C29432EBF00B7A8EA /* Binding.swift */ = {isa = PBXFileReference; lastKnownFileType = sourcecode.swift; path = Binding.swift; sourceTree = "<group>"; };
		F66FAA1E29432FBA00B7A8EA /* DayView.swift */ = {isa = PBXFileReference; lastKnownFileType = sourcecode.swift; path = DayView.swift; sourceTree = "<group>"; };
		F66FAA202943447800B7A8EA /* Day.swift */ = {isa = PBXFileReference; lastKnownFileType = sourcecode.swift; path = Day.swift; sourceTree = "<group>"; };
		F66FAA232943484000B7A8EA /* Day2.swift */ = {isa = PBXFileReference; lastKnownFileType = sourcecode.swift; path = Day2.swift; sourceTree = "<group>"; };
		F66FAA2529435EC000B7A8EA /* day2.txt */ = {isa = PBXFileReference; lastKnownFileType = text; path = day2.txt; sourceTree = "<group>"; };
		F66FAA2929437B5D00B7A8EA /* Day3.swift */ = {isa = PBXFileReference; lastKnownFileType = sourcecode.swift; path = Day3.swift; sourceTree = "<group>"; };
		F66FAA2B29437C3F00B7A8EA /* day3.txt */ = {isa = PBXFileReference; lastKnownFileType = text; path = day3.txt; sourceTree = "<group>"; };
		F66FAA2E29438EFD00B7A8EA /* day4.txt */ = {isa = PBXFileReference; lastKnownFileType = text; path = day4.txt; sourceTree = "<group>"; };
		F66FAA3029438F1A00B7A8EA /* Day4.swift */ = {isa = PBXFileReference; lastKnownFileType = sourcecode.swift; path = Day4.swift; sourceTree = "<group>"; };
		F66FAA33294397A100B7A8EA /* day5.txt */ = {isa = PBXFileReference; lastKnownFileType = text; path = day5.txt; sourceTree = "<group>"; };
		F66FAA35294397A700B7A8EA /* Day5.swift */ = {isa = PBXFileReference; lastKnownFileType = sourcecode.swift; path = Day5.swift; sourceTree = "<group>"; };
		F66FAA3829462D2E00B7A8EA /* Day6.swift */ = {isa = PBXFileReference; lastKnownFileType = sourcecode.swift; path = Day6.swift; sourceTree = "<group>"; };
		F66FAA3A29462D3600B7A8EA /* day6.txt */ = {isa = PBXFileReference; lastKnownFileType = text; path = day6.txt; sourceTree = "<group>"; };
		F66FAA40294643AD00B7A8EA /* Day7.swift */ = {isa = PBXFileReference; lastKnownFileType = sourcecode.swift; path = Day7.swift; sourceTree = "<group>"; };
		F66FAA422946452100B7A8EA /* day7.txt */ = {isa = PBXFileReference; lastKnownFileType = text; path = day7.txt; sourceTree = "<group>"; };
		F66FAA452946580700B7A8EA /* Day8.swift */ = {isa = PBXFileReference; lastKnownFileType = sourcecode.swift; path = Day8.swift; sourceTree = "<group>"; };
		F66FAA472946581200B7A8EA /* day8.txt */ = {isa = PBXFileReference; lastKnownFileType = text; path = day8.txt; sourceTree = "<group>"; };
/* End PBXFileReference section */

/* Begin PBXFrameworksBuildPhase section */
		F66FA9FF29432AAB00B7A8EA /* Frameworks */ = {
			isa = PBXFrameworksBuildPhase;
			buildActionMask = 2147483647;
			files = (
				F66FAA1929432BA300B7A8EA /* Parsing in Frameworks */,
			);
			runOnlyForDeploymentPostprocessing = 0;
		};
/* End PBXFrameworksBuildPhase section */

/* Begin PBXGroup section */
		F66FA9F929432AAB00B7A8EA = {
			isa = PBXGroup;
			children = (
				F66FAA0429432AAB00B7A8EA /* AdventOfCode */,
				F66FAA0329432AAB00B7A8EA /* Products */,
			);
			sourceTree = "<group>";
		};
		F66FAA0329432AAB00B7A8EA /* Products */ = {
			isa = PBXGroup;
			children = (
				F66FAA0229432AAB00B7A8EA /* AdventOfCode.app */,
			);
			name = Products;
			sourceTree = "<group>";
		};
		F66FAA0429432AAB00B7A8EA /* AdventOfCode */ = {
			isa = PBXGroup;
			children = (
				F66FAA442946580000B7A8EA /* Day8 */,
				F66FAA3F294643A500B7A8EA /* Day7 */,
				F66FAA3729462D1900B7A8EA /* Day6 */,
				F66FAA322943979100B7A8EA /* Day5 */,
				F66FAA2D29438EF200B7A8EA /* Day4 */,
				F66FAA2829437B4300B7A8EA /* Day3 */,
				F66FAA222943483700B7A8EA /* Day2 */,
				F66FAA1429432B2D00B7A8EA /* Day1 */,
				F66FAA0529432AAB00B7A8EA /* AdventOfCodeApp.swift */,
				F66FAA0729432AAB00B7A8EA /* ContentView.swift */,
				F66FAA0929432AAC00B7A8EA /* Assets.xcassets */,
				F66FAA0B29432AAC00B7A8EA /* AdventOfCode.entitlements */,
				F66FAA0C29432AAC00B7A8EA /* Preview Content */,
				F66FAA1C29432EBF00B7A8EA /* Binding.swift */,
				F66FAA1E29432FBA00B7A8EA /* DayView.swift */,
				F66FAA202943447800B7A8EA /* Day.swift */,
			);
			path = AdventOfCode;
			sourceTree = "<group>";
		};
		F66FAA0C29432AAC00B7A8EA /* Preview Content */ = {
			isa = PBXGroup;
			children = (
				F66FAA0D29432AAC00B7A8EA /* Preview Assets.xcassets */,
			);
			path = "Preview Content";
			sourceTree = "<group>";
		};
		F66FAA1429432B2D00B7A8EA /* Day1 */ = {
			isa = PBXGroup;
			children = (
				F66FAA1529432B3900B7A8EA /* Day1.swift */,
				F66FAA1A29432BEA00B7A8EA /* day1.txt */,
			);
			path = Day1;
			sourceTree = "<group>";
		};
		F66FAA222943483700B7A8EA /* Day2 */ = {
			isa = PBXGroup;
			children = (
				F66FAA232943484000B7A8EA /* Day2.swift */,
				F66FAA2529435EC000B7A8EA /* day2.txt */,
			);
			path = Day2;
			sourceTree = "<group>";
		};
		F66FAA2829437B4300B7A8EA /* Day3 */ = {
			isa = PBXGroup;
			children = (
				F66FAA2929437B5D00B7A8EA /* Day3.swift */,
				F66FAA2B29437C3F00B7A8EA /* day3.txt */,
			);
			path = Day3;
			sourceTree = "<group>";
		};
		F66FAA2D29438EF200B7A8EA /* Day4 */ = {
			isa = PBXGroup;
			children = (
				F66FAA2E29438EFD00B7A8EA /* day4.txt */,
				F66FAA3029438F1A00B7A8EA /* Day4.swift */,
			);
			path = Day4;
			sourceTree = "<group>";
		};
		F66FAA322943979100B7A8EA /* Day5 */ = {
			isa = PBXGroup;
			children = (
				F66FAA33294397A100B7A8EA /* day5.txt */,
				F66FAA35294397A700B7A8EA /* Day5.swift */,
			);
			path = Day5;
			sourceTree = "<group>";
		};
		F66FAA3729462D1900B7A8EA /* Day6 */ = {
			isa = PBXGroup;
			children = (
				F66FAA3829462D2E00B7A8EA /* Day6.swift */,
				F66FAA3A29462D3600B7A8EA /* day6.txt */,
			);
			path = Day6;
			sourceTree = "<group>";
		};
		F66FAA3F294643A500B7A8EA /* Day7 */ = {
			isa = PBXGroup;
			children = (
				F66FAA40294643AD00B7A8EA /* Day7.swift */,
				F66FAA422946452100B7A8EA /* day7.txt */,
			);
			path = Day7;
			sourceTree = "<group>";
		};
		F66FAA442946580000B7A8EA /* Day8 */ = {
			isa = PBXGroup;
			children = (
				F66FAA452946580700B7A8EA /* Day8.swift */,
				F66FAA472946581200B7A8EA /* day8.txt */,
			);
			path = Day8;
			sourceTree = "<group>";
		};
/* End PBXGroup section */

/* Begin PBXNativeTarget section */
		F66FAA0129432AAB00B7A8EA /* AdventOfCode */ = {
			isa = PBXNativeTarget;
			buildConfigurationList = F66FAA1129432AAC00B7A8EA /* Build configuration list for PBXNativeTarget "AdventOfCode" */;
			buildPhases = (
				F66FA9FE29432AAB00B7A8EA /* Sources */,
				F66FA9FF29432AAB00B7A8EA /* Frameworks */,
				F66FAA0029432AAB00B7A8EA /* Resources */,
			);
			buildRules = (
			);
			dependencies = (
			);
			name = AdventOfCode;
			packageProductDependencies = (
				F66FAA1829432BA300B7A8EA /* Parsing */,
			);
			productName = AdventOfCode;
			productReference = F66FAA0229432AAB00B7A8EA /* AdventOfCode.app */;
			productType = "com.apple.product-type.application";
		};
/* End PBXNativeTarget section */

/* Begin PBXProject section */
		F66FA9FA29432AAB00B7A8EA /* Project object */ = {
			isa = PBXProject;
			attributes = {
				BuildIndependentTargetsInParallel = 1;
				LastSwiftUpdateCheck = 1410;
				LastUpgradeCheck = 1410;
				TargetAttributes = {
					F66FAA0129432AAB00B7A8EA = {
						CreatedOnToolsVersion = 14.1;
					};
				};
			};
			buildConfigurationList = F66FA9FD29432AAB00B7A8EA /* Build configuration list for PBXProject "AdventOfCode" */;
			compatibilityVersion = "Xcode 14.0";
			developmentRegion = en;
			hasScannedForEncodings = 0;
			knownRegions = (
				en,
				Base,
			);
			mainGroup = F66FA9F929432AAB00B7A8EA;
			packageReferences = (
				F66FAA1729432BA300B7A8EA /* XCRemoteSwiftPackageReference "swift-parsing" */,
			);
			productRefGroup = F66FAA0329432AAB00B7A8EA /* Products */;
			projectDirPath = "";
			projectRoot = "";
			targets = (
				F66FAA0129432AAB00B7A8EA /* AdventOfCode */,
			);
		};
/* End PBXProject section */

/* Begin PBXResourcesBuildPhase section */
		F66FAA0029432AAB00B7A8EA /* Resources */ = {
			isa = PBXResourcesBuildPhase;
			buildActionMask = 2147483647;
			files = (
				F66FAA2729435F0100B7A8EA /* day2.txt in Resources */,
				F66FAA0E29432AAC00B7A8EA /* Preview Assets.xcassets in Resources */,
				F66FAA3B29462D3600B7A8EA /* day6.txt in Resources */,
				F66FAA0A29432AAC00B7A8EA /* Assets.xcassets in Resources */,
				F66FAA482946581200B7A8EA /* day8.txt in Resources */,
				F66FAA1B29432BEA00B7A8EA /* day1.txt in Resources */,
				F66FAA2F29438EFD00B7A8EA /* day4.txt in Resources */,
				F66FAA2C29437C3F00B7A8EA /* day3.txt in Resources */,
				F66FAA432946452100B7A8EA /* day7.txt in Resources */,
				F66FAA34294397A100B7A8EA /* day5.txt in Resources */,
			);
			runOnlyForDeploymentPostprocessing = 0;
		};
/* End PBXResourcesBuildPhase section */

/* Begin PBXSourcesBuildPhase section */
		F66FA9FE29432AAB00B7A8EA /* Sources */ = {
			isa = PBXSourcesBuildPhase;
			buildActionMask = 2147483647;
			files = (
				F66FAA0829432AAB00B7A8EA /* ContentView.swift in Sources */,
				F66FAA3929462D2E00B7A8EA /* Day6.swift in Sources */,
				F66FAA3129438F1A00B7A8EA /* Day4.swift in Sources */,
				F66FAA36294397A700B7A8EA /* Day5.swift in Sources */,
				F66FAA1F29432FBA00B7A8EA /* DayView.swift in Sources */,
				F66FAA462946580700B7A8EA /* Day8.swift in Sources */,
				F66FAA212943447800B7A8EA /* Day.swift in Sources */,
				F66FAA242943484000B7A8EA /* Day2.swift in Sources */,
				F66FAA1629432B3900B7A8EA /* Day1.swift in Sources */,
				F66FAA0629432AAB00B7A8EA /* AdventOfCodeApp.swift in Sources */,
				F66FAA2A29437B5D00B7A8EA /* Day3.swift in Sources */,
				F66FAA41294643AD00B7A8EA /* Day7.swift in Sources */,
				F66FAA1D29432EBF00B7A8EA /* Binding.swift in Sources */,
			);
			runOnlyForDeploymentPostprocessing = 0;
		};
/* End PBXSourcesBuildPhase section */

/* Begin XCBuildConfiguration section */
		F66FAA0F29432AAC00B7A8EA /* Debug */ = {
			isa = XCBuildConfiguration;
			buildSettings = {
				ALWAYS_SEARCH_USER_PATHS = NO;
				CLANG_ANALYZER_NONNULL = YES;
				CLANG_ANALYZER_NUMBER_OBJECT_CONVERSION = YES_AGGRESSIVE;
				CLANG_CXX_LANGUAGE_STANDARD = "gnu++20";
				CLANG_ENABLE_MODULES = YES;
				CLANG_ENABLE_OBJC_ARC = YES;
				CLANG_ENABLE_OBJC_WEAK = YES;
				CLANG_WARN_BLOCK_CAPTURE_AUTORELEASING = YES;
				CLANG_WARN_BOOL_CONVERSION = YES;
				CLANG_WARN_COMMA = YES;
				CLANG_WARN_CONSTANT_CONVERSION = YES;
				CLANG_WARN_DEPRECATED_OBJC_IMPLEMENTATIONS = YES;
				CLANG_WARN_DIRECT_OBJC_ISA_USAGE = YES_ERROR;
				CLANG_WARN_DOCUMENTATION_COMMENTS = YES;
				CLANG_WARN_EMPTY_BODY = YES;
				CLANG_WARN_ENUM_CONVERSION = YES;
				CLANG_WARN_INFINITE_RECURSION = YES;
				CLANG_WARN_INT_CONVERSION = YES;
				CLANG_WARN_NON_LITERAL_NULL_CONVERSION = YES;
				CLANG_WARN_OBJC_IMPLICIT_RETAIN_SELF = YES;
				CLANG_WARN_OBJC_LITERAL_CONVERSION = YES;
				CLANG_WARN_OBJC_ROOT_CLASS = YES_ERROR;
				CLANG_WARN_QUOTED_INCLUDE_IN_FRAMEWORK_HEADER = YES;
				CLANG_WARN_RANGE_LOOP_ANALYSIS = YES;
				CLANG_WARN_STRICT_PROTOTYPES = YES;
				CLANG_WARN_SUSPICIOUS_MOVE = YES;
				CLANG_WARN_UNGUARDED_AVAILABILITY = YES_AGGRESSIVE;
				CLANG_WARN_UNREACHABLE_CODE = YES;
				CLANG_WARN__DUPLICATE_METHOD_MATCH = YES;
				COPY_PHASE_STRIP = NO;
				DEBUG_INFORMATION_FORMAT = dwarf;
				ENABLE_STRICT_OBJC_MSGSEND = YES;
				ENABLE_TESTABILITY = YES;
				GCC_C_LANGUAGE_STANDARD = gnu11;
				GCC_DYNAMIC_NO_PIC = NO;
				GCC_NO_COMMON_BLOCKS = YES;
				GCC_OPTIMIZATION_LEVEL = 0;
				GCC_PREPROCESSOR_DEFINITIONS = (
					"DEBUG=1",
					"$(inherited)",
				);
				GCC_WARN_64_TO_32_BIT_CONVERSION = YES;
				GCC_WARN_ABOUT_RETURN_TYPE = YES_ERROR;
				GCC_WARN_UNDECLARED_SELECTOR = YES;
				GCC_WARN_UNINITIALIZED_AUTOS = YES_AGGRESSIVE;
				GCC_WARN_UNUSED_FUNCTION = YES;
				GCC_WARN_UNUSED_VARIABLE = YES;
				MTL_ENABLE_DEBUG_INFO = INCLUDE_SOURCE;
				MTL_FAST_MATH = YES;
				ONLY_ACTIVE_ARCH = YES;
				SWIFT_ACTIVE_COMPILATION_CONDITIONS = DEBUG;
				SWIFT_OPTIMIZATION_LEVEL = "-Onone";
			};
			name = Debug;
		};
		F66FAA1029432AAC00B7A8EA /* Release */ = {
			isa = XCBuildConfiguration;
			buildSettings = {
				ALWAYS_SEARCH_USER_PATHS = NO;
				CLANG_ANALYZER_NONNULL = YES;
				CLANG_ANALYZER_NUMBER_OBJECT_CONVERSION = YES_AGGRESSIVE;
				CLANG_CXX_LANGUAGE_STANDARD = "gnu++20";
				CLANG_ENABLE_MODULES = YES;
				CLANG_ENABLE_OBJC_ARC = YES;
				CLANG_ENABLE_OBJC_WEAK = YES;
				CLANG_WARN_BLOCK_CAPTURE_AUTORELEASING = YES;
				CLANG_WARN_BOOL_CONVERSION = YES;
				CLANG_WARN_COMMA = YES;
				CLANG_WARN_CONSTANT_CONVERSION = YES;
				CLANG_WARN_DEPRECATED_OBJC_IMPLEMENTATIONS = YES;
				CLANG_WARN_DIRECT_OBJC_ISA_USAGE = YES_ERROR;
				CLANG_WARN_DOCUMENTATION_COMMENTS = YES;
				CLANG_WARN_EMPTY_BODY = YES;
				CLANG_WARN_ENUM_CONVERSION = YES;
				CLANG_WARN_INFINITE_RECURSION = YES;
				CLANG_WARN_INT_CONVERSION = YES;
				CLANG_WARN_NON_LITERAL_NULL_CONVERSION = YES;
				CLANG_WARN_OBJC_IMPLICIT_RETAIN_SELF = YES;
				CLANG_WARN_OBJC_LITERAL_CONVERSION = YES;
				CLANG_WARN_OBJC_ROOT_CLASS = YES_ERROR;
				CLANG_WARN_QUOTED_INCLUDE_IN_FRAMEWORK_HEADER = YES;
				CLANG_WARN_RANGE_LOOP_ANALYSIS = YES;
				CLANG_WARN_STRICT_PROTOTYPES = YES;
				CLANG_WARN_SUSPICIOUS_MOVE = YES;
				CLANG_WARN_UNGUARDED_AVAILABILITY = YES_AGGRESSIVE;
				CLANG_WARN_UNREACHABLE_CODE = YES;
				CLANG_WARN__DUPLICATE_METHOD_MATCH = YES;
				COPY_PHASE_STRIP = NO;
				DEBUG_INFORMATION_FORMAT = "dwarf-with-dsym";
				ENABLE_NS_ASSERTIONS = NO;
				ENABLE_STRICT_OBJC_MSGSEND = YES;
				GCC_C_LANGUAGE_STANDARD = gnu11;
				GCC_NO_COMMON_BLOCKS = YES;
				GCC_WARN_64_TO_32_BIT_CONVERSION = YES;
				GCC_WARN_ABOUT_RETURN_TYPE = YES_ERROR;
				GCC_WARN_UNDECLARED_SELECTOR = YES;
				GCC_WARN_UNINITIALIZED_AUTOS = YES_AGGRESSIVE;
				GCC_WARN_UNUSED_FUNCTION = YES;
				GCC_WARN_UNUSED_VARIABLE = YES;
				MTL_ENABLE_DEBUG_INFO = NO;
				MTL_FAST_MATH = YES;
				SWIFT_COMPILATION_MODE = wholemodule;
				SWIFT_OPTIMIZATION_LEVEL = "-O";
			};
			name = Release;
		};
		F66FAA1229432AAC00B7A8EA /* Debug */ = {
			isa = XCBuildConfiguration;
			buildSettings = {
				ASSETCATALOG_COMPILER_APPICON_NAME = AppIcon;
				ASSETCATALOG_COMPILER_GLOBAL_ACCENT_COLOR_NAME = AccentColor;
				CODE_SIGN_ENTITLEMENTS = AdventOfCode/AdventOfCode.entitlements;
				CODE_SIGN_STYLE = Automatic;
				CURRENT_PROJECT_VERSION = 1;
				DEVELOPMENT_ASSET_PATHS = "\"AdventOfCode/Preview Content\"";
				DEVELOPMENT_TEAM = Q9TZ56A5M6;
				ENABLE_HARDENED_RUNTIME = YES;
				ENABLE_PREVIEWS = YES;
				GENERATE_INFOPLIST_FILE = YES;
				"INFOPLIST_KEY_UIApplicationSceneManifest_Generation[sdk=iphoneos*]" = YES;
				"INFOPLIST_KEY_UIApplicationSceneManifest_Generation[sdk=iphonesimulator*]" = YES;
				"INFOPLIST_KEY_UIApplicationSupportsIndirectInputEvents[sdk=iphoneos*]" = YES;
				"INFOPLIST_KEY_UIApplicationSupportsIndirectInputEvents[sdk=iphonesimulator*]" = YES;
				"INFOPLIST_KEY_UILaunchScreen_Generation[sdk=iphoneos*]" = YES;
				"INFOPLIST_KEY_UILaunchScreen_Generation[sdk=iphonesimulator*]" = YES;
				"INFOPLIST_KEY_UIStatusBarStyle[sdk=iphoneos*]" = UIStatusBarStyleDefault;
				"INFOPLIST_KEY_UIStatusBarStyle[sdk=iphonesimulator*]" = UIStatusBarStyleDefault;
				INFOPLIST_KEY_UISupportedInterfaceOrientations_iPad = "UIInterfaceOrientationPortrait UIInterfaceOrientationPortraitUpsideDown UIInterfaceOrientationLandscapeLeft UIInterfaceOrientationLandscapeRight";
				INFOPLIST_KEY_UISupportedInterfaceOrientations_iPhone = "UIInterfaceOrientationPortrait UIInterfaceOrientationLandscapeLeft UIInterfaceOrientationLandscapeRight";
				IPHONEOS_DEPLOYMENT_TARGET = 16.1;
				LD_RUNPATH_SEARCH_PATHS = "@executable_path/Frameworks";
				"LD_RUNPATH_SEARCH_PATHS[sdk=macosx*]" = "@executable_path/../Frameworks";
				MACOSX_DEPLOYMENT_TARGET = 13.0;
				MARKETING_VERSION = 1.0;
				PRODUCT_BUNDLE_IDENTIFIER = uk.getchip.AdventOfCode;
				PRODUCT_NAME = "$(TARGET_NAME)";
				SDKROOT = auto;
				SUPPORTED_PLATFORMS = "iphoneos iphonesimulator macosx";
				SWIFT_EMIT_LOC_STRINGS = YES;
				SWIFT_VERSION = 5.0;
				TARGETED_DEVICE_FAMILY = "1,2";
			};
			name = Debug;
		};
		F66FAA1329432AAC00B7A8EA /* Release */ = {
			isa = XCBuildConfiguration;
			buildSettings = {
				ASSETCATALOG_COMPILER_APPICON_NAME = AppIcon;
				ASSETCATALOG_COMPILER_GLOBAL_ACCENT_COLOR_NAME = AccentColor;
				CODE_SIGN_ENTITLEMENTS = AdventOfCode/AdventOfCode.entitlements;
				CODE_SIGN_STYLE = Automatic;
				CURRENT_PROJECT_VERSION = 1;
				DEVELOPMENT_ASSET_PATHS = "\"AdventOfCode/Preview Content\"";
				DEVELOPMENT_TEAM = Q9TZ56A5M6;
				ENABLE_HARDENED_RUNTIME = YES;
				ENABLE_PREVIEWS = YES;
				GENERATE_INFOPLIST_FILE = YES;
				"INFOPLIST_KEY_UIApplicationSceneManifest_Generation[sdk=iphoneos*]" = YES;
				"INFOPLIST_KEY_UIApplicationSceneManifest_Generation[sdk=iphonesimulator*]" = YES;
				"INFOPLIST_KEY_UIApplicationSupportsIndirectInputEvents[sdk=iphoneos*]" = YES;
				"INFOPLIST_KEY_UIApplicationSupportsIndirectInputEvents[sdk=iphonesimulator*]" = YES;
				"INFOPLIST_KEY_UILaunchScreen_Generation[sdk=iphoneos*]" = YES;
				"INFOPLIST_KEY_UILaunchScreen_Generation[sdk=iphonesimulator*]" = YES;
				"INFOPLIST_KEY_UIStatusBarStyle[sdk=iphoneos*]" = UIStatusBarStyleDefault;
				"INFOPLIST_KEY_UIStatusBarStyle[sdk=iphonesimulator*]" = UIStatusBarStyleDefault;
				INFOPLIST_KEY_UISupportedInterfaceOrientations_iPad = "UIInterfaceOrientationPortrait UIInterfaceOrientationPortraitUpsideDown UIInterfaceOrientationLandscapeLeft UIInterfaceOrientationLandscapeRight";
				INFOPLIST_KEY_UISupportedInterfaceOrientations_iPhone = "UIInterfaceOrientationPortrait UIInterfaceOrientationLandscapeLeft UIInterfaceOrientationLandscapeRight";
				IPHONEOS_DEPLOYMENT_TARGET = 16.1;
				LD_RUNPATH_SEARCH_PATHS = "@executable_path/Frameworks";
				"LD_RUNPATH_SEARCH_PATHS[sdk=macosx*]" = "@executable_path/../Frameworks";
				MACOSX_DEPLOYMENT_TARGET = 13.0;
				MARKETING_VERSION = 1.0;
				PRODUCT_BUNDLE_IDENTIFIER = uk.getchip.AdventOfCode;
				PRODUCT_NAME = "$(TARGET_NAME)";
				SDKROOT = auto;
				SUPPORTED_PLATFORMS = "iphoneos iphonesimulator macosx";
				SWIFT_EMIT_LOC_STRINGS = YES;
				SWIFT_VERSION = 5.0;
				TARGETED_DEVICE_FAMILY = "1,2";
			};
			name = Release;
		};
/* End XCBuildConfiguration section */

/* Begin XCConfigurationList section */
		F66FA9FD29432AAB00B7A8EA /* Build configuration list for PBXProject "AdventOfCode" */ = {
			isa = XCConfigurationList;
			buildConfigurations = (
				F66FAA0F29432AAC00B7A8EA /* Debug */,
				F66FAA1029432AAC00B7A8EA /* Release */,
			);
			defaultConfigurationIsVisible = 0;
			defaultConfigurationName = Release;
		};
		F66FAA1129432AAC00B7A8EA /* Build configuration list for PBXNativeTarget "AdventOfCode" */ = {
			isa = XCConfigurationList;
			buildConfigurations = (
				F66FAA1229432AAC00B7A8EA /* Debug */,
				F66FAA1329432AAC00B7A8EA /* Release */,
			);
			defaultConfigurationIsVisible = 0;
			defaultConfigurationName = Release;
		};
/* End XCConfigurationList section */

/* Begin XCRemoteSwiftPackageReference section */
		F66FAA1729432BA300B7A8EA /* XCRemoteSwiftPackageReference "swift-parsing" */ = {
			isa = XCRemoteSwiftPackageReference;
			repositoryURL = "https://github.com/pointfreeco/swift-parsing.git";
			requirement = {
				kind = upToNextMajorVersion;
				minimumVersion = 0.11.0;
			};
		};
/* End XCRemoteSwiftPackageReference section */

/* Begin XCSwiftPackageProductDependency section */
		F66FAA1829432BA300B7A8EA /* Parsing */ = {
			isa = XCSwiftPackageProductDependency;
			package = F66FAA1729432BA300B7A8EA /* XCRemoteSwiftPackageReference "swift-parsing" */;
			productName = Parsing;
		};
/* End XCSwiftPackageProductDependency section */
	};
	rootObject = F66FA9FA29432AAB00B7A8EA /* Project object */;
}
